{
  "version": 4,
  "terraform_version": "1.13.4",
  "serial": 403,
  "lineage": "1d4a7ab3-3995-70f9-5c2f-d2a9e360e0a3",
  "outputs": {
    "master_floating_ip": {
      "value": "103.29.189.28",
      "type": "string"
    },
    "master_private_ip": {
      "value": "10.10.1.3",
      "type": "string"
    },
    "worker_floating_ips": {
      "value": [
        "103.29.189.86",
        "103.29.189.79"
      ],
      "type": [
        "tuple",
        [
          "string",
          "string"
        ]
      ]
    },
    "worker_private_ips": {
      "value": [
        "10.10.1.4",
        "10.10.1.2"
      ],
      "type": [
        "tuple",
        [
          "string",
          "string"
        ]
      ]
    }
  },
  "resources": [
    {
      "mode": "data",
      "type": "openstack_networking_network_v2",
      "name": "external",
      "provider": "provider[\"registry.terraform.io/terraform-provider-openstack/openstack\"]",
      "instances": [
        {
          "schema_version": 0,
          "attributes": {
            "admin_state_up": "true",
            "all_tags": [],
            "availability_zone_hints": [],
            "description": "",
            "dns_domain": "",
            "external": true,
            "id": "2aa7a98d-ae38-4844-82d6-9ab5c2460b69",
            "matching_subnet_cidr": null,
            "mtu": 0,
            "name": "Standard_Public_IP_Pool_BKK",
            "network_id": null,
            "region": "NCP-TH",
            "segments": [],
            "shared": "true",
            "status": null,
            "subnets": [
              "9a3c79c6-d0f3-4963-a91f-b38331dc4bbe",
              "937b605c-3590-4c34-842f-b8c85e067b22",
              "48566841-0739-45bc-a5d6-9ba088bff5b1",
              "1eaaead2-eacf-4a04-8430-2605c0273311",
              "81248693-ee11-46d4-b3e9-5c4f2a7a38c7"
            ],
            "tags": null,
            "tenant_id": "19315f180616464d9d3263919c870b60",
            "transparent_vlan": false
          },
          "sensitive_attributes": [],
          "identity_schema_version": 0
        }
      ]
    },
    {
      "mode": "managed",
      "type": "null_resource",
      "name": "seed_known_hosts",
      "provider": "provider[\"registry.terraform.io/hashicorp/null\"]",
      "instances": [
        {
          "schema_version": 0,
          "attributes": {
            "id": "534719335708814037",
            "triggers": {
              "master": "103.29.189.28",
              "worker1": "103.29.189.86",
              "worker2": "103.29.189.79"
            }
          },
          "sensitive_attributes": [],
          "identity_schema_version": 0,
          "dependencies": [
            "data.openstack_networking_network_v2.external",
            "openstack_compute_instance_v2.master",
            "openstack_compute_instance_v2.worker",
            "openstack_networking_floatingip_v2.floatip_master",
            "openstack_networking_floatingip_v2.floatip_worker",
            "openstack_networking_network_v2.network",
            "openstack_networking_port_v2.port_master",
            "openstack_networking_port_v2.port_worker",
            "openstack_networking_router_interface_v2.router_iface",
            "openstack_networking_router_v2.router",
            "openstack_networking_secgroup_v2.secgroup",
            "openstack_networking_subnet_v2.subnet"
          ]
        }
      ]
    },
    {
      "mode": "managed",
      "type": "null_resource",
      "name": "wait_for_ssh",
      "provider": "provider[\"registry.terraform.io/hashicorp/null\"]",
      "instances": [
        {
          "schema_version": 0,
          "attributes": {
            "id": "1636039907197031380",
            "triggers": {
              "master": "103.29.189.28",
              "worker1": "103.29.189.86",
              "worker2": "103.29.189.79"
            }
          },
          "sensitive_attributes": [],
          "identity_schema_version": 0,
          "dependencies": [
            "data.openstack_networking_network_v2.external",
            "openstack_compute_instance_v2.master",
            "openstack_compute_instance_v2.worker",
            "openstack_networking_floatingip_v2.floatip_master",
            "openstack_networking_floatingip_v2.floatip_worker",
            "openstack_networking_network_v2.network",
            "openstack_networking_port_v2.port_master",
            "openstack_networking_port_v2.port_worker",
            "openstack_networking_router_interface_v2.router_iface",
            "openstack_networking_router_v2.router",
            "openstack_networking_secgroup_v2.secgroup",
            "openstack_networking_subnet_v2.subnet"
          ]
        }
      ]
    },
    {
      "mode": "managed",
      "type": "openstack_compute_instance_v2",
      "name": "master",
      "provider": "provider[\"registry.terraform.io/terraform-provider-openstack/openstack\"]",
      "instances": [
        {
          "schema_version": 0,
          "attributes": {
            "access_ip_v4": "10.10.1.3",
            "access_ip_v6": "",
            "admin_pass": null,
            "all_metadata": {
              "authen_by": "keypair_and_password",
              "authen_type": "keypairs",
              "disk_format": "qcow2",
              "hw_disk_bus": "",
              "hw_firmware_type": "uefi",
              "hw_machine_type": "",
              "hw_qemu_guest_agent": "yes",
              "hw_scsi_model": "",
              "hw_vif_model": "virtio",
              "hw_vif_multiqueue_enabled": "yes",
              "image_id": "1d0784d3-6b53-4a99-8e4f-35cd91a512fa",
              "image_name": "ubuntu-24-v250303",
              "min_disk": "10",
              "min_ram": "512",
              "nc:cloudinit_agent": "no",
              "nc:license_name": "ubuntu-24-v250303",
              "nc:license_price_per_month": "0",
              "nc:license_unit": "instance",
              "nc:min_vcpu": "0",
              "nc:ncs_agent": "false",
              "os_type": "linux",
              "release": "24.04",
              "size": "1239447552",
              "ssh_publickey_88442817-8316-4297-891e-47bcb96d2211": "ssh-rsa AAAAB3NzaC1yc2EAAAADAQABAAABAQDPJSypBJCUOYUjshttNPsXrQv8zP+9dxfiwTY2ptDFusK/nH994JyZlvjxaKxJkaSsVhVsB2LvOjvWeISJh3J28KS9gKU3x423hOY0OEgsZ7EBmHU8/yGtaTE1znwQGTRkpnzOly6kVlDfQv+Sm4FkGAbR1MQtv9VM0qq3SvBBXSyDjjDB92t+Itpr3ztFnqIbY8TCiDGygSxGdAX/9DpqRlLCWJdiHOhABtdrPq9y7gkQI61lm1uineQSoMdP2tLfAyJnxO9yinEx53StZjtnxlmcKMmSdCcfjcUGa+nUZnK3nFGFNZX+JDgS4qOUSwXjaKykDA9TDHZAVT64zeuD (unnamed)"
            },
            "all_tags": [],
            "availability_zone": "NCP-BKK",
            "availability_zone_hints": null,
            "block_device": [
              {
                "boot_index": 0,
                "delete_on_termination": true,
                "destination_type": "volume",
                "device_type": "",
                "disk_bus": "",
                "guest_format": "",
                "multiattach": false,
                "source_type": "image",
                "uuid": "1d0784d3-6b53-4a99-8e4f-35cd91a512fa",
                "volume_size": 40,
                "volume_type": "Standard_SSD"
              }
            ],
            "config_drive": null,
            "created": "2025-11-06 08:08:26 +0000 UTC",
            "flavor_id": "398414c2-a46e-4249-b828-2397be756ea3",
            "flavor_name": "csa.2xlarge.v2",
            "force_delete": false,
            "id": "50fe7942-f0b8-4b83-9d19-ce08a325da53",
            "image_id": "Attempt to boot from volume - no image supplied",
            "image_name": null,
            "key_pair": "KeyPair",
            "metadata": null,
            "name": "Master-BKK",
            "network": [
              {
                "access_network": false,
                "fixed_ip_v4": "10.10.1.3",
                "fixed_ip_v6": "",
                "mac": "02:f3:5c:e2:b4:61",
                "name": "network_BKK",
                "port": "f35ce2b4-61e3-4d81-9364-f76cb10ce4a0",
                "uuid": "dde2c1ca-523c-4959-a13a-5a54c8ac5292"
              }
            ],
            "network_mode": null,
            "personality": [],
            "power_state": "active",
            "region": "NCP-TH",
            "scheduler_hints": [],
            "security_groups": [
              "secgroup_BKK"
            ],
            "stop_before_destroy": false,
            "tags": null,
            "timeouts": null,
            "updated": "2025-11-06 08:08:37 +0000 UTC",
            "user_data": null,
            "vendor_options": []
          },
          "sensitive_attributes": [
            [
              {
                "type": "get_attr",
                "value": "admin_pass"
              }
            ]
          ],
          "identity_schema_version": 0,
          "private": "eyJlMmJmYjczMC1lY2FhLTExZTYtOGY4OC0zNDM2M2JjN2M0YzAiOnsiY3JlYXRlIjoxODAwMDAwMDAwMDAwLCJkZWxldGUiOjE4MDAwMDAwMDAwMDAsInVwZGF0ZSI6MTgwMDAwMDAwMDAwMH19",
          "dependencies": [
            "openstack_networking_network_v2.network",
            "openstack_networking_port_v2.port_master",
            "openstack_networking_secgroup_v2.secgroup",
            "openstack_networking_subnet_v2.subnet"
          ]
        }
      ]
    },
    {
      "mode": "managed",
      "type": "openstack_compute_instance_v2",
      "name": "worker",
      "provider": "provider[\"registry.terraform.io/terraform-provider-openstack/openstack\"]",
      "instances": [
        {
          "index_key": 0,
          "schema_version": 0,
          "attributes": {
            "access_ip_v4": "10.10.1.4",
            "access_ip_v6": "",
            "admin_pass": null,
            "all_metadata": {
              "authen_by": "keypair_and_password",
              "authen_type": "keypairs",
              "disk_format": "qcow2",
              "hw_disk_bus": "",
              "hw_firmware_type": "uefi",
              "hw_machine_type": "",
              "hw_qemu_guest_agent": "yes",
              "hw_scsi_model": "",
              "hw_vif_model": "virtio",
              "hw_vif_multiqueue_enabled": "yes",
              "image_id": "1d0784d3-6b53-4a99-8e4f-35cd91a512fa",
              "image_name": "ubuntu-24-v250303",
              "min_disk": "10",
              "min_ram": "512",
              "nc:cloudinit_agent": "no",
              "nc:license_name": "ubuntu-24-v250303",
              "nc:license_price_per_month": "0",
              "nc:license_unit": "instance",
              "nc:min_vcpu": "0",
              "nc:ncs_agent": "false",
              "os_type": "linux",
              "release": "24.04",
              "size": "1239447552",
              "ssh_publickey_88442817-8316-4297-891e-47bcb96d2211": "ssh-rsa AAAAB3NzaC1yc2EAAAADAQABAAABAQDPJSypBJCUOYUjshttNPsXrQv8zP+9dxfiwTY2ptDFusK/nH994JyZlvjxaKxJkaSsVhVsB2LvOjvWeISJh3J28KS9gKU3x423hOY0OEgsZ7EBmHU8/yGtaTE1znwQGTRkpnzOly6kVlDfQv+Sm4FkGAbR1MQtv9VM0qq3SvBBXSyDjjDB92t+Itpr3ztFnqIbY8TCiDGygSxGdAX/9DpqRlLCWJdiHOhABtdrPq9y7gkQI61lm1uineQSoMdP2tLfAyJnxO9yinEx53StZjtnxlmcKMmSdCcfjcUGa+nUZnK3nFGFNZX+JDgS4qOUSwXjaKykDA9TDHZAVT64zeuD (unnamed)"
            },
            "all_tags": [],
            "availability_zone": "NCP-BKK",
            "availability_zone_hints": null,
            "block_device": [
              {
                "boot_index": 0,
                "delete_on_termination": true,
                "destination_type": "volume",
                "device_type": "",
                "disk_bus": "",
                "guest_format": "",
                "multiattach": false,
                "source_type": "image",
                "uuid": "1d0784d3-6b53-4a99-8e4f-35cd91a512fa",
                "volume_size": 60,
                "volume_type": "Standard_SSD"
              }
            ],
            "config_drive": null,
            "created": "2025-11-06 08:08:35 +0000 UTC",
            "flavor_id": "398414c2-a46e-4249-b828-2397be756ea3",
            "flavor_name": "csa.2xlarge.v2",
            "force_delete": false,
            "id": "ec33120e-c865-4a19-aa5b-b543e33694a8",
            "image_id": "Attempt to boot from volume - no image supplied",
            "image_name": null,
            "key_pair": "KeyPair",
            "metadata": null,
            "name": "Worker-1-BKK",
            "network": [
              {
                "access_network": false,
                "fixed_ip_v4": "10.10.1.4",
                "fixed_ip_v6": "",
                "mac": "02:ba:9c:91:ee:91",
                "name": "network_BKK",
                "port": "ba9c91ee-9101-4663-a569-177bb8be8526",
                "uuid": "dde2c1ca-523c-4959-a13a-5a54c8ac5292"
              }
            ],
            "network_mode": null,
            "personality": [],
            "power_state": "active",
            "region": "NCP-TH",
            "scheduler_hints": [],
            "security_groups": [
              "secgroup_BKK"
            ],
            "stop_before_destroy": false,
            "tags": null,
            "timeouts": null,
            "updated": "2025-11-06 08:08:46 +0000 UTC",
            "user_data": null,
            "vendor_options": []
          },
          "sensitive_attributes": [
            [
              {
                "type": "get_attr",
                "value": "admin_pass"
              }
            ]
          ],
          "identity_schema_version": 0,
          "private": "eyJlMmJmYjczMC1lY2FhLTExZTYtOGY4OC0zNDM2M2JjN2M0YzAiOnsiY3JlYXRlIjoxODAwMDAwMDAwMDAwLCJkZWxldGUiOjE4MDAwMDAwMDAwMDAsInVwZGF0ZSI6MTgwMDAwMDAwMDAwMH19",
          "dependencies": [
            "openstack_networking_network_v2.network",
            "openstack_networking_port_v2.port_worker",
            "openstack_networking_secgroup_v2.secgroup",
            "openstack_networking_subnet_v2.subnet"
          ]
        },
        {
          "index_key": 1,
          "schema_version": 0,
          "attributes": {
            "access_ip_v4": "10.10.1.2",
            "access_ip_v6": "",
            "admin_pass": null,
            "all_metadata": {
              "authen_by": "keypair_and_password",
              "authen_type": "keypairs",
              "disk_format": "qcow2",
              "hw_disk_bus": "",
              "hw_firmware_type": "uefi",
              "hw_machine_type": "",
              "hw_qemu_guest_agent": "yes",
              "hw_scsi_model": "",
              "hw_vif_model": "virtio",
              "hw_vif_multiqueue_enabled": "yes",
              "image_id": "1d0784d3-6b53-4a99-8e4f-35cd91a512fa",
              "image_name": "ubuntu-24-v250303",
              "min_disk": "10",
              "min_ram": "512",
              "nc:cloudinit_agent": "no",
              "nc:license_name": "ubuntu-24-v250303",
              "nc:license_price_per_month": "0",
              "nc:license_unit": "instance",
              "nc:min_vcpu": "0",
              "nc:ncs_agent": "false",
              "os_type": "linux",
              "release": "24.04",
              "size": "1239447552",
              "ssh_publickey_88442817-8316-4297-891e-47bcb96d2211": "ssh-rsa AAAAB3NzaC1yc2EAAAADAQABAAABAQDPJSypBJCUOYUjshttNPsXrQv8zP+9dxfiwTY2ptDFusK/nH994JyZlvjxaKxJkaSsVhVsB2LvOjvWeISJh3J28KS9gKU3x423hOY0OEgsZ7EBmHU8/yGtaTE1znwQGTRkpnzOly6kVlDfQv+Sm4FkGAbR1MQtv9VM0qq3SvBBXSyDjjDB92t+Itpr3ztFnqIbY8TCiDGygSxGdAX/9DpqRlLCWJdiHOhABtdrPq9y7gkQI61lm1uineQSoMdP2tLfAyJnxO9yinEx53StZjtnxlmcKMmSdCcfjcUGa+nUZnK3nFGFNZX+JDgS4qOUSwXjaKykDA9TDHZAVT64zeuD (unnamed)"
            },
            "all_tags": [],
            "availability_zone": "NCP-BKK",
            "availability_zone_hints": null,
            "block_device": [
              {
                "boot_index": 0,
                "delete_on_termination": true,
                "destination_type": "volume",
                "device_type": "",
                "disk_bus": "",
                "guest_format": "",
                "multiattach": false,
                "source_type": "image",
                "uuid": "1d0784d3-6b53-4a99-8e4f-35cd91a512fa",
                "volume_size": 60,
                "volume_type": "Standard_SSD"
              }
            ],
            "config_drive": null,
            "created": "2025-11-06 08:08:35 +0000 UTC",
            "flavor_id": "398414c2-a46e-4249-b828-2397be756ea3",
            "flavor_name": "csa.2xlarge.v2",
            "force_delete": false,
            "id": "21d663a8-a9f0-4b05-96d7-46a235403a42",
            "image_id": "Attempt to boot from volume - no image supplied",
            "image_name": null,
            "key_pair": "KeyPair",
            "metadata": null,
            "name": "Worker-2-BKK",
            "network": [
              {
                "access_network": false,
                "fixed_ip_v4": "10.10.1.2",
                "fixed_ip_v6": "",
                "mac": "02:30:a1:34:07:6d",
                "name": "network_BKK",
                "port": "30a13407-6d63-4b66-afda-371667a47cdb",
                "uuid": "dde2c1ca-523c-4959-a13a-5a54c8ac5292"
              }
            ],
            "network_mode": null,
            "personality": [],
            "power_state": "active",
            "region": "NCP-TH",
            "scheduler_hints": [],
            "security_groups": [
              "secgroup_BKK"
            ],
            "stop_before_destroy": false,
            "tags": null,
            "timeouts": null,
            "updated": "2025-11-06 08:08:49 +0000 UTC",
            "user_data": null,
            "vendor_options": []
          },
          "sensitive_attributes": [
            [
              {
                "type": "get_attr",
                "value": "admin_pass"
              }
            ]
          ],
          "identity_schema_version": 0,
          "private": "eyJlMmJmYjczMC1lY2FhLTExZTYtOGY4OC0zNDM2M2JjN2M0YzAiOnsiY3JlYXRlIjoxODAwMDAwMDAwMDAwLCJkZWxldGUiOjE4MDAwMDAwMDAwMDAsInVwZGF0ZSI6MTgwMDAwMDAwMDAwMH19",
          "dependencies": [
            "openstack_networking_network_v2.network",
            "openstack_networking_port_v2.port_worker",
            "openstack_networking_secgroup_v2.secgroup",
            "openstack_networking_subnet_v2.subnet"
          ]
        }
      ]
    },
    {
      "mode": "managed",
      "type": "openstack_networking_floatingip_v2",
      "name": "floatip_master",
      "provider": "provider[\"registry.terraform.io/terraform-provider-openstack/openstack\"]",
      "instances": [
        {
          "schema_version": 0,
          "attributes": {
            "address": "103.29.189.28",
            "all_tags": [],
            "description": "ExternalIP-855",
            "dns_domain": "",
            "dns_name": "",
            "fixed_ip": "10.10.1.3",
            "id": "2230da39-5f8a-44d1-97ab-17fe2a2a717a",
            "pool": "Standard_Public_IP_Pool_BKK",
            "port_id": "f35ce2b4-61e3-4d81-9364-f76cb10ce4a0",
            "region": "NCP-TH",
            "subnet_id": null,
            "subnet_ids": null,
            "tags": null,
            "tenant_id": "dda823844b244c11baa2a5a272c78ee9",
            "timeouts": null,
            "value_specs": null
          },
          "sensitive_attributes": [],
          "identity_schema_version": 0,
          "private": "eyJlMmJmYjczMC1lY2FhLTExZTYtOGY4OC0zNDM2M2JjN2M0YzAiOnsiY3JlYXRlIjo2MDAwMDAwMDAwMDAsImRlbGV0ZSI6NjAwMDAwMDAwMDAwfX0=",
          "dependencies": [
            "data.openstack_networking_network_v2.external",
            "openstack_compute_instance_v2.master",
            "openstack_networking_network_v2.network",
            "openstack_networking_port_v2.port_master",
            "openstack_networking_router_interface_v2.router_iface",
            "openstack_networking_router_v2.router",
            "openstack_networking_secgroup_v2.secgroup",
            "openstack_networking_subnet_v2.subnet"
          ]
        }
      ]
    },
    {
      "mode": "managed",
      "type": "openstack_networking_floatingip_v2",
      "name": "floatip_worker",
      "provider": "provider[\"registry.terraform.io/terraform-provider-openstack/openstack\"]",
      "instances": [
        {
          "index_key": 0,
          "schema_version": 0,
          "attributes": {
            "address": "103.29.189.86",
            "all_tags": [],
            "description": "ExternalIP-413",
            "dns_domain": "",
            "dns_name": "",
            "fixed_ip": "10.10.1.4",
            "id": "49ac8b50-9e63-461b-8308-774321fea22e",
            "pool": "Standard_Public_IP_Pool_BKK",
            "port_id": "ba9c91ee-9101-4663-a569-177bb8be8526",
            "region": "NCP-TH",
            "subnet_id": null,
            "subnet_ids": null,
            "tags": null,
            "tenant_id": "dda823844b244c11baa2a5a272c78ee9",
            "timeouts": null,
            "value_specs": null
          },
          "sensitive_attributes": [],
          "identity_schema_version": 0,
          "private": "eyJlMmJmYjczMC1lY2FhLTExZTYtOGY4OC0zNDM2M2JjN2M0YzAiOnsiY3JlYXRlIjo2MDAwMDAwMDAwMDAsImRlbGV0ZSI6NjAwMDAwMDAwMDAwfX0=",
          "dependencies": [
            "data.openstack_networking_network_v2.external",
            "openstack_compute_instance_v2.worker",
            "openstack_networking_network_v2.network",
            "openstack_networking_port_v2.port_worker",
            "openstack_networking_router_interface_v2.router_iface",
            "openstack_networking_router_v2.router",
            "openstack_networking_secgroup_v2.secgroup",
            "openstack_networking_subnet_v2.subnet"
          ]
        },
        {
          "index_key": 1,
          "schema_version": 0,
          "attributes": {
            "address": "103.29.189.79",
            "all_tags": [],
            "description": "ExternalIP-931",
            "dns_domain": "",
            "dns_name": "",
            "fixed_ip": "10.10.1.2",
            "id": "fccdf617-681d-4af0-a3c4-95a3fe2adff6",
            "pool": "Standard_Public_IP_Pool_BKK",
            "port_id": "30a13407-6d63-4b66-afda-371667a47cdb",
            "region": "NCP-TH",
            "subnet_id": null,
            "subnet_ids": null,
            "tags": null,
            "tenant_id": "dda823844b244c11baa2a5a272c78ee9",
            "timeouts": null,
            "value_specs": null
          },
          "sensitive_attributes": [],
          "identity_schema_version": 0,
          "private": "eyJlMmJmYjczMC1lY2FhLTExZTYtOGY4OC0zNDM2M2JjN2M0YzAiOnsiY3JlYXRlIjo2MDAwMDAwMDAwMDAsImRlbGV0ZSI6NjAwMDAwMDAwMDAwfX0=",
          "dependencies": [
            "data.openstack_networking_network_v2.external",
            "openstack_compute_instance_v2.worker",
            "openstack_networking_network_v2.network",
            "openstack_networking_port_v2.port_worker",
            "openstack_networking_router_interface_v2.router_iface",
            "openstack_networking_router_v2.router",
            "openstack_networking_secgroup_v2.secgroup",
            "openstack_networking_subnet_v2.subnet"
          ]
        }
      ]
    },
    {
      "mode": "managed",
      "type": "openstack_networking_network_v2",
      "name": "network",
      "provider": "provider[\"registry.terraform.io/terraform-provider-openstack/openstack\"]",
      "instances": [
        {
          "schema_version": 0,
          "attributes": {
            "admin_state_up": true,
            "all_tags": [],
            "availability_zone_hints": [],
            "description": "",
            "dns_domain": "",
            "external": false,
            "id": "dde2c1ca-523c-4959-a13a-5a54c8ac5292",
            "mtu": 0,
            "name": "network_BKK",
            "port_security_enabled": true,
            "qos_policy_id": "",
            "region": "NCP-TH",
            "segments": [],
            "shared": false,
            "tags": null,
            "tenant_id": "dda823844b244c11baa2a5a272c78ee9",
            "timeouts": null,
            "transparent_vlan": false,
            "value_specs": null
          },
          "sensitive_attributes": [],
          "identity_schema_version": 0,
          "private": "eyJlMmJmYjczMC1lY2FhLTExZTYtOGY4OC0zNDM2M2JjN2M0YzAiOnsiY3JlYXRlIjo2MDAwMDAwMDAwMDAsImRlbGV0ZSI6NjAwMDAwMDAwMDAwfX0="
        }
      ]
    },
    {
      "mode": "managed",
      "type": "openstack_networking_port_v2",
      "name": "port_master",
      "provider": "provider[\"registry.terraform.io/terraform-provider-openstack/openstack\"]",
      "instances": [
        {
          "schema_version": 0,
          "attributes": {
            "admin_state_up": true,
            "all_fixed_ips": [
              "10.10.1.3"
            ],
            "all_security_group_ids": [
              "ddf0c2e1-db02-4053-9dd2-3f88a16355d3"
            ],
            "all_tags": [],
            "allowed_address_pairs": [],
            "binding": [
              {
                "host_id": "",
                "profile": "",
                "vif_details": {},
                "vif_type": "",
                "vnic_type": "normal"
              }
            ],
            "description": "",
            "device_id": "",
            "device_owner": "",
            "dns_assignment": [],
            "dns_name": "",
            "extra_dhcp_option": [],
            "fixed_ip": [
              {
                "ip_address": "",
                "subnet_id": "a69ed011-95c1-444a-8023-c92b8bea38a5"
              }
            ],
            "id": "f35ce2b4-61e3-4d81-9364-f76cb10ce4a0",
            "mac_address": "02:f3:5c:e2:b4:61",
            "name": "port-master-1-BKK",
            "network_id": "dde2c1ca-523c-4959-a13a-5a54c8ac5292",
            "no_fixed_ip": null,
            "no_security_groups": null,
            "port_security_enabled": true,
            "qos_policy_id": "",
            "region": "NCP-TH",
            "security_group_ids": [
              "ddf0c2e1-db02-4053-9dd2-3f88a16355d3"
            ],
            "tags": null,
            "tenant_id": "dda823844b244c11baa2a5a272c78ee9",
            "timeouts": null,
            "value_specs": null
          },
          "sensitive_attributes": [],
          "identity_schema_version": 0,
          "private": "eyJlMmJmYjczMC1lY2FhLTExZTYtOGY4OC0zNDM2M2JjN2M0YzAiOnsiY3JlYXRlIjo2MDAwMDAwMDAwMDAsImRlbGV0ZSI6NjAwMDAwMDAwMDAwfX0=",
          "dependencies": [
            "openstack_networking_network_v2.network",
            "openstack_networking_secgroup_v2.secgroup",
            "openstack_networking_subnet_v2.subnet"
          ]
        }
      ]
    },
    {
      "mode": "managed",
      "type": "openstack_networking_port_v2",
      "name": "port_worker",
      "provider": "provider[\"registry.terraform.io/terraform-provider-openstack/openstack\"]",
      "instances": [
        {
          "index_key": 0,
          "schema_version": 0,
          "attributes": {
            "admin_state_up": true,
            "all_fixed_ips": [
              "10.10.1.4"
            ],
            "all_security_group_ids": [
              "ddf0c2e1-db02-4053-9dd2-3f88a16355d3"
            ],
            "all_tags": [],
            "allowed_address_pairs": [],
            "binding": [
              {
                "host_id": "",
                "profile": "",
                "vif_details": {},
                "vif_type": "",
                "vnic_type": "normal"
              }
            ],
            "description": "",
            "device_id": "",
            "device_owner": "",
            "dns_assignment": [],
            "dns_name": "",
            "extra_dhcp_option": [],
            "fixed_ip": [
              {
                "ip_address": "",
                "subnet_id": "a69ed011-95c1-444a-8023-c92b8bea38a5"
              }
            ],
            "id": "ba9c91ee-9101-4663-a569-177bb8be8526",
            "mac_address": "02:ba:9c:91:ee:91",
            "name": "port-worker-1-BKK",
            "network_id": "dde2c1ca-523c-4959-a13a-5a54c8ac5292",
            "no_fixed_ip": null,
            "no_security_groups": null,
            "port_security_enabled": true,
            "qos_policy_id": "",
            "region": "NCP-TH",
            "security_group_ids": [
              "ddf0c2e1-db02-4053-9dd2-3f88a16355d3"
            ],
            "tags": null,
            "tenant_id": "dda823844b244c11baa2a5a272c78ee9",
            "timeouts": null,
            "value_specs": null
          },
          "sensitive_attributes": [],
          "identity_schema_version": 0,
          "private": "eyJlMmJmYjczMC1lY2FhLTExZTYtOGY4OC0zNDM2M2JjN2M0YzAiOnsiY3JlYXRlIjo2MDAwMDAwMDAwMDAsImRlbGV0ZSI6NjAwMDAwMDAwMDAwfX0=",
          "dependencies": [
            "openstack_networking_network_v2.network",
            "openstack_networking_secgroup_v2.secgroup",
            "openstack_networking_subnet_v2.subnet"
          ]
        },
        {
          "index_key": 1,
          "schema_version": 0,
          "attributes": {
            "admin_state_up": true,
            "all_fixed_ips": [
              "10.10.1.2"
            ],
            "all_security_group_ids": [
              "ddf0c2e1-db02-4053-9dd2-3f88a16355d3"
            ],
            "all_tags": [],
            "allowed_address_pairs": [],
            "binding": [
              {
                "host_id": "",
                "profile": "",
                "vif_details": {},
                "vif_type": "",
                "vnic_type": "normal"
              }
            ],
            "description": "",
            "device_id": "",
            "device_owner": "",
            "dns_assignment": [],
            "dns_name": "",
            "extra_dhcp_option": [],
            "fixed_ip": [
              {
                "ip_address": "",
                "subnet_id": "a69ed011-95c1-444a-8023-c92b8bea38a5"
              }
            ],
            "id": "30a13407-6d63-4b66-afda-371667a47cdb",
            "mac_address": "02:30:a1:34:07:6d",
            "name": "port-worker-2-BKK",
            "network_id": "dde2c1ca-523c-4959-a13a-5a54c8ac5292",
            "no_fixed_ip": null,
            "no_security_groups": null,
            "port_security_enabled": true,
            "qos_policy_id": "",
            "region": "NCP-TH",
            "security_group_ids": [
              "ddf0c2e1-db02-4053-9dd2-3f88a16355d3"
            ],
            "tags": null,
            "tenant_id": "dda823844b244c11baa2a5a272c78ee9",
            "timeouts": null,
            "value_specs": null
          },
          "sensitive_attributes": [],
          "identity_schema_version": 0,
          "private": "eyJlMmJmYjczMC1lY2FhLTExZTYtOGY4OC0zNDM2M2JjN2M0YzAiOnsiY3JlYXRlIjo2MDAwMDAwMDAwMDAsImRlbGV0ZSI6NjAwMDAwMDAwMDAwfX0=",
          "dependencies": [
            "openstack_networking_network_v2.network",
            "openstack_networking_secgroup_v2.secgroup",
            "openstack_networking_subnet_v2.subnet"
          ]
        }
      ]
    },
    {
      "mode": "managed",
      "type": "openstack_networking_router_interface_v2",
      "name": "router_iface",
      "provider": "provider[\"registry.terraform.io/terraform-provider-openstack/openstack\"]",
      "instances": [
        {
          "schema_version": 0,
          "attributes": {
            "force_destroy": false,
            "id": "8bbf7826-2886-491d-b6cc-0871cdb46e9c",
            "port_id": "8bbf7826-2886-491d-b6cc-0871cdb46e9c",
            "region": "NCP-TH",
            "router_id": "7c890e82-c814-414c-985f-bdad09bff30d",
            "subnet_id": "a69ed011-95c1-444a-8023-c92b8bea38a5",
            "timeouts": null
          },
          "sensitive_attributes": [],
          "identity_schema_version": 0,
          "private": "eyJlMmJmYjczMC1lY2FhLTExZTYtOGY4OC0zNDM2M2JjN2M0YzAiOnsiY3JlYXRlIjo2MDAwMDAwMDAwMDAsImRlbGV0ZSI6NjAwMDAwMDAwMDAwfX0=",
          "dependencies": [
            "data.openstack_networking_network_v2.external",
            "openstack_networking_network_v2.network",
            "openstack_networking_router_v2.router",
            "openstack_networking_subnet_v2.subnet"
          ]
        }
      ]
    },
    {
      "mode": "managed",
      "type": "openstack_networking_router_v2",
      "name": "router",
      "provider": "provider[\"registry.terraform.io/terraform-provider-openstack/openstack\"]",
      "instances": [
        {
          "schema_version": 0,
          "attributes": {
            "admin_state_up": true,
            "all_tags": [],
            "availability_zone_hints": [],
            "description": "",
            "distributed": false,
            "enable_snat": true,
            "external_fixed_ip": [],
            "external_network_id": "2aa7a98d-ae38-4844-82d6-9ab5c2460b69",
            "external_subnet_ids": null,
            "id": "7c890e82-c814-414c-985f-bdad09bff30d",
            "name": "router_BKK",
            "region": "NCP-TH",
            "tags": null,
            "tenant_id": "dda823844b244c11baa2a5a272c78ee9",
            "timeouts": null,
            "value_specs": null,
            "vendor_options": []
          },
          "sensitive_attributes": [],
          "identity_schema_version": 0,
          "private": "eyJlMmJmYjczMC1lY2FhLTExZTYtOGY4OC0zNDM2M2JjN2M0YzAiOnsiY3JlYXRlIjo2MDAwMDAwMDAwMDAsImRlbGV0ZSI6NjAwMDAwMDAwMDAwfX0=",
          "dependencies": [
            "data.openstack_networking_network_v2.external"
          ]
        }
      ]
    },
    {
      "mode": "managed",
      "type": "openstack_networking_secgroup_rule_v2",
      "name": "secgroup_rule_icmp",
      "provider": "provider[\"registry.terraform.io/terraform-provider-openstack/openstack\"]",
      "instances": [
        {
          "schema_version": 0,
          "attributes": {
            "description": "",
            "direction": "ingress",
            "ethertype": "IPv4",
            "id": "401984e8-5ecd-444f-8ae9-036733024b7b",
            "port_range_max": 0,
            "port_range_min": 0,
            "protocol": "icmp",
            "region": "NCP-TH",
            "remote_group_id": "",
            "remote_ip_prefix": "0.0.0.0/0",
            "security_group_id": "ddf0c2e1-db02-4053-9dd2-3f88a16355d3",
            "tenant_id": "dda823844b244c11baa2a5a272c78ee9",
            "timeouts": null
          },
          "sensitive_attributes": [],
          "identity_schema_version": 0,
          "private": "eyJlMmJmYjczMC1lY2FhLTExZTYtOGY4OC0zNDM2M2JjN2M0YzAiOnsiZGVsZXRlIjo2MDAwMDAwMDAwMDB9fQ==",
          "dependencies": [
            "openstack_networking_secgroup_v2.secgroup"
          ]
        }
      ]
    },
    {
      "mode": "managed",
      "type": "openstack_networking_secgroup_rule_v2",
      "name": "secgroup_rule_k8s",
      "provider": "provider[\"registry.terraform.io/terraform-provider-openstack/openstack\"]",
      "instances": [
        {
          "schema_version": 0,
          "attributes": {
            "description": "",
            "direction": "ingress",
            "ethertype": "IPv4",
            "id": "5ba5612e-3053-4137-9574-9bc3d8cc648b",
            "port_range_max": 6443,
            "port_range_min": 6443,
            "protocol": "tcp",
            "region": "NCP-TH",
            "remote_group_id": "",
            "remote_ip_prefix": "0.0.0.0/0",
            "security_group_id": "ddf0c2e1-db02-4053-9dd2-3f88a16355d3",
            "tenant_id": "dda823844b244c11baa2a5a272c78ee9",
            "timeouts": null
          },
          "sensitive_attributes": [],
          "identity_schema_version": 0,
          "private": "eyJlMmJmYjczMC1lY2FhLTExZTYtOGY4OC0zNDM2M2JjN2M0YzAiOnsiZGVsZXRlIjo2MDAwMDAwMDAwMDB9fQ==",
          "dependencies": [
            "openstack_networking_secgroup_v2.secgroup"
          ]
        }
      ]
    },
    {
      "mode": "managed",
      "type": "openstack_networking_secgroup_rule_v2",
      "name": "secgroup_rule_nodeport",
      "provider": "provider[\"registry.terraform.io/terraform-provider-openstack/openstack\"]",
      "instances": [
        {
          "schema_version": 0,
          "attributes": {
            "description": "",
            "direction": "ingress",
            "ethertype": "IPv4",
            "id": "73d7bd18-eea5-46d0-a940-446d78e975d0",
            "port_range_max": 32767,
            "port_range_min": 30000,
            "protocol": "tcp",
            "region": "NCP-TH",
            "remote_group_id": "",
            "remote_ip_prefix": "0.0.0.0/0",
            "security_group_id": "ddf0c2e1-db02-4053-9dd2-3f88a16355d3",
            "tenant_id": "dda823844b244c11baa2a5a272c78ee9",
            "timeouts": null
          },
          "sensitive_attributes": [],
          "identity_schema_version": 0,
          "private": "eyJlMmJmYjczMC1lY2FhLTExZTYtOGY4OC0zNDM2M2JjN2M0YzAiOnsiZGVsZXRlIjo2MDAwMDAwMDAwMDB9fQ==",
          "dependencies": [
            "openstack_networking_secgroup_v2.secgroup"
          ]
        }
      ]
    },
    {
      "mode": "managed",
      "type": "openstack_networking_secgroup_rule_v2",
      "name": "secgroup_rule_ssh",
      "provider": "provider[\"registry.terraform.io/terraform-provider-openstack/openstack\"]",
      "instances": [
        {
          "schema_version": 0,
          "attributes": {
            "description": "",
            "direction": "ingress",
            "ethertype": "IPv4",
            "id": "6225c09d-15ea-4c4a-a780-26362c93c4de",
            "port_range_max": 22,
            "port_range_min": 22,
            "protocol": "tcp",
            "region": "NCP-TH",
            "remote_group_id": "",
            "remote_ip_prefix": "0.0.0.0/0",
            "security_group_id": "ddf0c2e1-db02-4053-9dd2-3f88a16355d3",
            "tenant_id": "dda823844b244c11baa2a5a272c78ee9",
            "timeouts": null
          },
          "sensitive_attributes": [],
          "identity_schema_version": 0,
          "private": "eyJlMmJmYjczMC1lY2FhLTExZTYtOGY4OC0zNDM2M2JjN2M0YzAiOnsiZGVsZXRlIjo2MDAwMDAwMDAwMDB9fQ==",
          "dependencies": [
            "openstack_networking_secgroup_v2.secgroup"
          ]
        }
      ]
    },
    {
      "mode": "managed",
      "type": "openstack_networking_secgroup_v2",
      "name": "secgroup",
      "provider": "provider[\"registry.terraform.io/terraform-provider-openstack/openstack\"]",
      "instances": [
        {
          "schema_version": 0,
          "attributes": {
            "all_tags": [],
            "delete_default_rules": null,
            "description": "Security group for master and worker VMs",
            "id": "ddf0c2e1-db02-4053-9dd2-3f88a16355d3",
            "name": "secgroup_BKK",
            "region": "NCP-TH",
            "tags": null,
            "tenant_id": "dda823844b244c11baa2a5a272c78ee9",
            "timeouts": null
          },
          "sensitive_attributes": [],
          "identity_schema_version": 0,
          "private": "eyJlMmJmYjczMC1lY2FhLTExZTYtOGY4OC0zNDM2M2JjN2M0YzAiOnsiZGVsZXRlIjo2MDAwMDAwMDAwMDB9fQ=="
        }
      ]
    },
    {
      "mode": "managed",
      "type": "openstack_networking_subnet_v2",
      "name": "subnet",
      "provider": "provider[\"registry.terraform.io/terraform-provider-openstack/openstack\"]",
      "instances": [
        {
          "schema_version": 0,
          "attributes": {
            "all_tags": [],
            "allocation_pool": [
              {
                "end": "10.10.1.254",
                "start": "10.10.1.2"
              }
            ],
            "cidr": "10.10.1.0/24",
            "description": "",
            "dns_nameservers": [
              "8.8.8.8",
              "8.8.4.4"
            ],
            "enable_dhcp": true,
            "gateway_ip": "10.10.1.1",
            "id": "a69ed011-95c1-444a-8023-c92b8bea38a5",
            "ip_version": 4,
            "ipv6_address_mode": "",
            "ipv6_ra_mode": "",
            "name": "subnet_BKK",
            "network_id": "dde2c1ca-523c-4959-a13a-5a54c8ac5292",
            "no_gateway": false,
            "prefix_length": null,
            "region": "NCP-TH",
            "service_types": [],
            "subnetpool_id": "",
            "tags": null,
            "tenant_id": "dda823844b244c11baa2a5a272c78ee9",
            "timeouts": null,
            "value_specs": null
          },
          "sensitive_attributes": [],
          "identity_schema_version": 0,
          "private": "eyJlMmJmYjczMC1lY2FhLTExZTYtOGY4OC0zNDM2M2JjN2M0YzAiOnsiY3JlYXRlIjo2MDAwMDAwMDAwMDAsImRlbGV0ZSI6NjAwMDAwMDAwMDAwfX0=",
          "dependencies": [
            "openstack_networking_network_v2.network"
          ]
        }
      ]
    }
  ],
  "check_results": null
}
