{
  "version": 4,
  "terraform_version": "1.13.4",
  "serial": 98,
  "lineage": "1d4a7ab3-3995-70f9-5c2f-d2a9e360e0a3",
  "outputs": {
    "master_floating_ip": {
      "value": "103.29.189.104",
      "type": "string"
    },
    "master_private_ip": {
      "value": "10.10.1.3",
      "type": "string"
    },
    "worker_floating_ips": {
      "value": [
        "103.29.189.101",
        "103.29.189.96"
      ],
      "type": [
        "tuple",
        [
          "string",
          "string"
        ]
      ]
    },
    "worker_private_ips": {
      "value": [
        "10.10.1.2",
        "10.10.1.4"
      ],
      "type": [
        "tuple",
        [
          "string",
          "string"
        ]
      ]
    }
  },
  "resources": [
    {
      "mode": "data",
      "type": "openstack_networking_network_v2",
      "name": "external",
      "provider": "provider[\"registry.terraform.io/terraform-provider-openstack/openstack\"]",
      "instances": [
        {
          "schema_version": 0,
          "attributes": {
            "admin_state_up": "true",
            "all_tags": [],
            "availability_zone_hints": [],
            "description": "",
            "dns_domain": "",
            "external": true,
            "id": "2aa7a98d-ae38-4844-82d6-9ab5c2460b69",
            "matching_subnet_cidr": null,
            "mtu": 0,
            "name": "Standard_Public_IP_Pool_BKK",
            "network_id": null,
            "region": "NCP-TH",
            "segments": [],
            "shared": "true",
            "status": null,
            "subnets": [
              "9a3c79c6-d0f3-4963-a91f-b38331dc4bbe",
              "937b605c-3590-4c34-842f-b8c85e067b22",
              "48566841-0739-45bc-a5d6-9ba088bff5b1",
              "1eaaead2-eacf-4a04-8430-2605c0273311",
              "81248693-ee11-46d4-b3e9-5c4f2a7a38c7"
            ],
            "tags": null,
            "tenant_id": "19315f180616464d9d3263919c870b60",
            "transparent_vlan": false
          },
          "sensitive_attributes": [],
          "identity_schema_version": 0
        }
      ]
    },
    {
      "mode": "managed",
      "type": "openstack_compute_instance_v2",
      "name": "master",
      "provider": "provider[\"registry.terraform.io/terraform-provider-openstack/openstack\"]",
      "instances": [
        {
          "schema_version": 0,
          "attributes": {
            "access_ip_v4": "10.10.1.3",
            "access_ip_v6": "",
            "admin_pass": null,
            "all_metadata": {
              "authen_by": "keypair_and_password",
              "authen_type": "keypairs",
              "disk_format": "qcow2",
              "hw_disk_bus": "",
              "hw_firmware_type": "uefi",
              "hw_machine_type": "",
              "hw_qemu_guest_agent": "yes",
              "hw_scsi_model": "",
              "hw_vif_model": "virtio",
              "hw_vif_multiqueue_enabled": "yes",
              "image_id": "d00037bf-85f6-4bc3-b271-2ef9f55c36e9",
              "image_name": "ubuntu-24-v250307",
              "min_disk": "10",
              "min_ram": "512",
              "nc:cloudinit_agent": "no",
              "nc:license_name": "ubuntu-24-v250307",
              "nc:license_price_per_month": "0",
              "nc:license_unit": "instance",
              "nc:min_vcpu": "0",
              "nc:ncs_agent": "false",
              "os_type": "linux",
              "release": "24.04",
              "size": "1243992064",
              "ssh_publickey_88442817-8316-4297-891e-47bcb96d2211": "ssh-rsa AAAAB3NzaC1yc2EAAAADAQABAAABAQDPJSypBJCUOYUjshttNPsXrQv8zP+9dxfiwTY2ptDFusK/nH994JyZlvjxaKxJkaSsVhVsB2LvOjvWeISJh3J28KS9gKU3x423hOY0OEgsZ7EBmHU8/yGtaTE1znwQGTRkpnzOly6kVlDfQv+Sm4FkGAbR1MQtv9VM0qq3SvBBXSyDjjDB92t+Itpr3ztFnqIbY8TCiDGygSxGdAX/9DpqRlLCWJdiHOhABtdrPq9y7gkQI61lm1uineQSoMdP2tLfAyJnxO9yinEx53StZjtnxlmcKMmSdCcfjcUGa+nUZnK3nFGFNZX+JDgS4qOUSwXjaKykDA9TDHZAVT64zeuD (unnamed)"
            },
            "all_tags": [],
            "availability_zone": "NCP-BKK",
            "availability_zone_hints": null,
            "block_device": [
              {
                "boot_index": 0,
                "delete_on_termination": true,
                "destination_type": "volume",
                "device_type": "",
                "disk_bus": "",
                "guest_format": "",
                "multiattach": false,
                "source_type": "image",
                "uuid": "d00037bf-85f6-4bc3-b271-2ef9f55c36e9",
                "volume_size": 100,
                "volume_type": "Standard_SSD"
              }
            ],
            "config_drive": null,
            "created": "2025-11-05 02:23:15 +0000 UTC",
            "flavor_id": "a73b4485-edc7-4c57-930f-eec2dbf7664a",
            "flavor_name": "coa.large.v2",
            "force_delete": false,
            "id": "bca69d0e-1889-456c-be46-1801ee7cede4",
            "image_id": "Attempt to boot from volume - no image supplied",
            "image_name": null,
            "key_pair": "KeyPair",
            "metadata": null,
            "name": "master-1-BKK",
            "network": [
              {
                "access_network": false,
                "fixed_ip_v4": "10.10.1.3",
                "fixed_ip_v6": "",
                "mac": "02:5b:6f:e3:d1:e1",
                "name": "network_BKK",
                "port": "5b6fe3d1-e118-4500-9ac1-655d3a85ca1c",
                "uuid": "0f4b8bf2-8d72-44ea-a379-fa394ae3a0be"
              }
            ],
            "network_mode": null,
            "personality": [],
            "power_state": "active",
            "region": "NCP-TH",
            "scheduler_hints": [],
            "security_groups": [
              "secgroup_BKK"
            ],
            "stop_before_destroy": false,
            "tags": null,
            "timeouts": null,
            "updated": "2025-11-05 02:23:25 +0000 UTC",
            "user_data": null,
            "vendor_options": []
          },
          "sensitive_attributes": [
            [
              {
                "type": "get_attr",
                "value": "admin_pass"
              }
            ]
          ],
          "identity_schema_version": 0,
          "private": "eyJlMmJmYjczMC1lY2FhLTExZTYtOGY4OC0zNDM2M2JjN2M0YzAiOnsiY3JlYXRlIjoxODAwMDAwMDAwMDAwLCJkZWxldGUiOjE4MDAwMDAwMDAwMDAsInVwZGF0ZSI6MTgwMDAwMDAwMDAwMH19",
          "dependencies": [
            "openstack_networking_network_v2.network",
            "openstack_networking_port_v2.port_master",
            "openstack_networking_secgroup_v2.secgroup",
            "openstack_networking_subnet_v2.subnet"
          ]
        }
      ]
    },
    {
      "mode": "managed",
      "type": "openstack_compute_instance_v2",
      "name": "worker",
      "provider": "provider[\"registry.terraform.io/terraform-provider-openstack/openstack\"]",
      "instances": [
        {
          "index_key": 0,
          "schema_version": 0,
          "attributes": {
            "access_ip_v4": "10.10.1.2",
            "access_ip_v6": "",
            "admin_pass": null,
            "all_metadata": {
              "authen_by": "keypair_and_password",
              "authen_type": "keypairs",
              "disk_format": "qcow2",
              "hw_disk_bus": "",
              "hw_firmware_type": "uefi",
              "hw_machine_type": "",
              "hw_qemu_guest_agent": "yes",
              "hw_scsi_model": "",
              "hw_vif_model": "virtio",
              "hw_vif_multiqueue_enabled": "yes",
              "image_id": "d00037bf-85f6-4bc3-b271-2ef9f55c36e9",
              "image_name": "ubuntu-24-v250307",
              "min_disk": "10",
              "min_ram": "512",
              "nc:cloudinit_agent": "no",
              "nc:license_name": "ubuntu-24-v250307",
              "nc:license_price_per_month": "0",
              "nc:license_unit": "instance",
              "nc:min_vcpu": "0",
              "nc:ncs_agent": "false",
              "os_type": "linux",
              "release": "24.04",
              "size": "1243992064",
              "ssh_publickey_88442817-8316-4297-891e-47bcb96d2211": "ssh-rsa AAAAB3NzaC1yc2EAAAADAQABAAABAQDPJSypBJCUOYUjshttNPsXrQv8zP+9dxfiwTY2ptDFusK/nH994JyZlvjxaKxJkaSsVhVsB2LvOjvWeISJh3J28KS9gKU3x423hOY0OEgsZ7EBmHU8/yGtaTE1znwQGTRkpnzOly6kVlDfQv+Sm4FkGAbR1MQtv9VM0qq3SvBBXSyDjjDB92t+Itpr3ztFnqIbY8TCiDGygSxGdAX/9DpqRlLCWJdiHOhABtdrPq9y7gkQI61lm1uineQSoMdP2tLfAyJnxO9yinEx53StZjtnxlmcKMmSdCcfjcUGa+nUZnK3nFGFNZX+JDgS4qOUSwXjaKykDA9TDHZAVT64zeuD (unnamed)"
            },
            "all_tags": [],
            "availability_zone": "NCP-BKK",
            "availability_zone_hints": null,
            "block_device": [
              {
                "boot_index": 0,
                "delete_on_termination": true,
                "destination_type": "volume",
                "device_type": "",
                "disk_bus": "",
                "guest_format": "",
                "multiattach": false,
                "source_type": "image",
                "uuid": "d00037bf-85f6-4bc3-b271-2ef9f55c36e9",
                "volume_size": 100,
                "volume_type": "Standard_SSD"
              }
            ],
            "config_drive": null,
            "created": "2025-11-05 02:23:21 +0000 UTC",
            "flavor_id": "a73b4485-edc7-4c57-930f-eec2dbf7664a",
            "flavor_name": "coa.large.v2",
            "force_delete": false,
            "id": "1d11aa76-1c38-4119-bf72-4ef8b64a8b17",
            "image_id": "Attempt to boot from volume - no image supplied",
            "image_name": null,
            "key_pair": "KeyPair",
            "metadata": null,
            "name": "worker-1-BKK",
            "network": [
              {
                "access_network": false,
                "fixed_ip_v4": "10.10.1.2",
                "fixed_ip_v6": "",
                "mac": "02:2b:85:6b:4e:c9",
                "name": "network_BKK",
                "port": "2b856b4e-c97c-4da4-9ae6-4975fd50de5b",
                "uuid": "0f4b8bf2-8d72-44ea-a379-fa394ae3a0be"
              }
            ],
            "network_mode": null,
            "personality": [],
            "power_state": "active",
            "region": "NCP-TH",
            "scheduler_hints": [],
            "security_groups": [
              "secgroup_BKK"
            ],
            "stop_before_destroy": false,
            "tags": null,
            "timeouts": null,
            "updated": "2025-11-05 02:23:30 +0000 UTC",
            "user_data": null,
            "vendor_options": []
          },
          "sensitive_attributes": [
            [
              {
                "type": "get_attr",
                "value": "admin_pass"
              }
            ]
          ],
          "identity_schema_version": 0,
          "private": "eyJlMmJmYjczMC1lY2FhLTExZTYtOGY4OC0zNDM2M2JjN2M0YzAiOnsiY3JlYXRlIjoxODAwMDAwMDAwMDAwLCJkZWxldGUiOjE4MDAwMDAwMDAwMDAsInVwZGF0ZSI6MTgwMDAwMDAwMDAwMH19",
          "dependencies": [
            "openstack_networking_network_v2.network",
            "openstack_networking_port_v2.port_worker",
            "openstack_networking_secgroup_v2.secgroup",
            "openstack_networking_subnet_v2.subnet"
          ]
        },
        {
          "index_key": 1,
          "schema_version": 0,
          "attributes": {
            "access_ip_v4": "10.10.1.4",
            "access_ip_v6": "",
            "admin_pass": null,
            "all_metadata": {
              "authen_by": "keypair_and_password",
              "authen_type": "keypairs",
              "disk_format": "qcow2",
              "hw_disk_bus": "",
              "hw_firmware_type": "uefi",
              "hw_machine_type": "",
              "hw_qemu_guest_agent": "yes",
              "hw_scsi_model": "",
              "hw_vif_model": "virtio",
              "hw_vif_multiqueue_enabled": "yes",
              "image_id": "d00037bf-85f6-4bc3-b271-2ef9f55c36e9",
              "image_name": "ubuntu-24-v250307",
              "min_disk": "10",
              "min_ram": "512",
              "nc:cloudinit_agent": "no",
              "nc:license_name": "ubuntu-24-v250307",
              "nc:license_price_per_month": "0",
              "nc:license_unit": "instance",
              "nc:min_vcpu": "0",
              "nc:ncs_agent": "false",
              "os_type": "linux",
              "release": "24.04",
              "size": "1243992064",
              "ssh_publickey_88442817-8316-4297-891e-47bcb96d2211": "ssh-rsa AAAAB3NzaC1yc2EAAAADAQABAAABAQDPJSypBJCUOYUjshttNPsXrQv8zP+9dxfiwTY2ptDFusK/nH994JyZlvjxaKxJkaSsVhVsB2LvOjvWeISJh3J28KS9gKU3x423hOY0OEgsZ7EBmHU8/yGtaTE1znwQGTRkpnzOly6kVlDfQv+Sm4FkGAbR1MQtv9VM0qq3SvBBXSyDjjDB92t+Itpr3ztFnqIbY8TCiDGygSxGdAX/9DpqRlLCWJdiHOhABtdrPq9y7gkQI61lm1uineQSoMdP2tLfAyJnxO9yinEx53StZjtnxlmcKMmSdCcfjcUGa+nUZnK3nFGFNZX+JDgS4qOUSwXjaKykDA9TDHZAVT64zeuD (unnamed)"
            },
            "all_tags": [],
            "availability_zone": "NCP-BKK",
            "availability_zone_hints": null,
            "block_device": [
              {
                "boot_index": 0,
                "delete_on_termination": true,
                "destination_type": "volume",
                "device_type": "",
                "disk_bus": "",
                "guest_format": "",
                "multiattach": false,
                "source_type": "image",
                "uuid": "d00037bf-85f6-4bc3-b271-2ef9f55c36e9",
                "volume_size": 100,
                "volume_type": "Standard_SSD"
              }
            ],
            "config_drive": null,
            "created": "2025-11-05 02:23:18 +0000 UTC",
            "flavor_id": "a73b4485-edc7-4c57-930f-eec2dbf7664a",
            "flavor_name": "coa.large.v2",
            "force_delete": false,
            "id": "3c4757df-c335-4271-a802-8392738c09fe",
            "image_id": "Attempt to boot from volume - no image supplied",
            "image_name": null,
            "key_pair": "KeyPair",
            "metadata": null,
            "name": "worker-2-BKK",
            "network": [
              {
                "access_network": false,
                "fixed_ip_v4": "10.10.1.4",
                "fixed_ip_v6": "",
                "mac": "02:cf:b6:8d:f3:69",
                "name": "network_BKK",
                "port": "cfb68df3-6908-490e-8601-3a1a2b16f682",
                "uuid": "0f4b8bf2-8d72-44ea-a379-fa394ae3a0be"
              }
            ],
            "network_mode": null,
            "personality": [],
            "power_state": "active",
            "region": "NCP-TH",
            "scheduler_hints": [],
            "security_groups": [
              "secgroup_BKK"
            ],
            "stop_before_destroy": false,
            "tags": null,
            "timeouts": null,
            "updated": "2025-11-05 02:23:27 +0000 UTC",
            "user_data": null,
            "vendor_options": []
          },
          "sensitive_attributes": [
            [
              {
                "type": "get_attr",
                "value": "admin_pass"
              }
            ]
          ],
          "identity_schema_version": 0,
          "private": "eyJlMmJmYjczMC1lY2FhLTExZTYtOGY4OC0zNDM2M2JjN2M0YzAiOnsiY3JlYXRlIjoxODAwMDAwMDAwMDAwLCJkZWxldGUiOjE4MDAwMDAwMDAwMDAsInVwZGF0ZSI6MTgwMDAwMDAwMDAwMH19",
          "dependencies": [
            "openstack_networking_network_v2.network",
            "openstack_networking_port_v2.port_worker",
            "openstack_networking_secgroup_v2.secgroup",
            "openstack_networking_subnet_v2.subnet"
          ]
        }
      ]
    },
    {
      "mode": "managed",
      "type": "openstack_networking_floatingip_v2",
      "name": "floatip_master",
      "provider": "provider[\"registry.terraform.io/terraform-provider-openstack/openstack\"]",
      "instances": [
        {
          "schema_version": 0,
          "attributes": {
            "address": "103.29.189.104",
            "all_tags": [],
            "description": "ExternalIP-472",
            "dns_domain": "",
            "dns_name": "",
            "fixed_ip": "10.10.1.3",
            "id": "bf31c4c6-45bb-43bd-9205-d4e18d831211",
            "pool": "Standard_Public_IP_Pool_BKK",
            "port_id": "5b6fe3d1-e118-4500-9ac1-655d3a85ca1c",
            "region": "NCP-TH",
            "subnet_id": null,
            "subnet_ids": null,
            "tags": null,
            "tenant_id": "dda823844b244c11baa2a5a272c78ee9",
            "timeouts": null,
            "value_specs": null
          },
          "sensitive_attributes": [],
          "identity_schema_version": 0,
          "private": "eyJlMmJmYjczMC1lY2FhLTExZTYtOGY4OC0zNDM2M2JjN2M0YzAiOnsiY3JlYXRlIjo2MDAwMDAwMDAwMDAsImRlbGV0ZSI6NjAwMDAwMDAwMDAwfX0=",
          "dependencies": [
            "openstack_networking_network_v2.network",
            "openstack_networking_port_v2.port_master",
            "openstack_networking_secgroup_v2.secgroup",
            "openstack_networking_subnet_v2.subnet"
          ]
        }
      ]
    },
    {
      "mode": "managed",
      "type": "openstack_networking_floatingip_v2",
      "name": "floatip_worker",
      "provider": "provider[\"registry.terraform.io/terraform-provider-openstack/openstack\"]",
      "instances": [
        {
          "index_key": 0,
          "schema_version": 0,
          "attributes": {
            "address": "103.29.189.101",
            "all_tags": [],
            "description": "ExternalIP-217",
            "dns_domain": "",
            "dns_name": "",
            "fixed_ip": "10.10.1.2",
            "id": "6f128945-d78c-4c25-a627-af98372b30d5",
            "pool": "Standard_Public_IP_Pool_BKK",
            "port_id": "2b856b4e-c97c-4da4-9ae6-4975fd50de5b",
            "region": "NCP-TH",
            "subnet_id": null,
            "subnet_ids": null,
            "tags": null,
            "tenant_id": "dda823844b244c11baa2a5a272c78ee9",
            "timeouts": null,
            "value_specs": null
          },
          "sensitive_attributes": [],
          "identity_schema_version": 0,
          "private": "eyJlMmJmYjczMC1lY2FhLTExZTYtOGY4OC0zNDM2M2JjN2M0YzAiOnsiY3JlYXRlIjo2MDAwMDAwMDAwMDAsImRlbGV0ZSI6NjAwMDAwMDAwMDAwfX0=",
          "dependencies": [
            "openstack_networking_network_v2.network",
            "openstack_networking_port_v2.port_worker",
            "openstack_networking_secgroup_v2.secgroup",
            "openstack_networking_subnet_v2.subnet"
          ]
        },
        {
          "index_key": 1,
          "schema_version": 0,
          "attributes": {
            "address": "103.29.189.96",
            "all_tags": [],
            "description": "ExternalIP-519",
            "dns_domain": "",
            "dns_name": "",
            "fixed_ip": "10.10.1.4",
            "id": "1a251cdf-ece2-4502-945e-d568995f8674",
            "pool": "Standard_Public_IP_Pool_BKK",
            "port_id": "cfb68df3-6908-490e-8601-3a1a2b16f682",
            "region": "NCP-TH",
            "subnet_id": null,
            "subnet_ids": null,
            "tags": null,
            "tenant_id": "dda823844b244c11baa2a5a272c78ee9",
            "timeouts": null,
            "value_specs": null
          },
          "sensitive_attributes": [],
          "identity_schema_version": 0,
          "private": "eyJlMmJmYjczMC1lY2FhLTExZTYtOGY4OC0zNDM2M2JjN2M0YzAiOnsiY3JlYXRlIjo2MDAwMDAwMDAwMDAsImRlbGV0ZSI6NjAwMDAwMDAwMDAwfX0=",
          "dependencies": [
            "openstack_networking_network_v2.network",
            "openstack_networking_port_v2.port_worker",
            "openstack_networking_secgroup_v2.secgroup",
            "openstack_networking_subnet_v2.subnet"
          ]
        }
      ]
    },
    {
      "mode": "managed",
      "type": "openstack_networking_network_v2",
      "name": "network",
      "provider": "provider[\"registry.terraform.io/terraform-provider-openstack/openstack\"]",
      "instances": [
        {
          "schema_version": 0,
          "attributes": {
            "admin_state_up": true,
            "all_tags": [],
            "availability_zone_hints": [],
            "description": "",
            "dns_domain": "",
            "external": false,
            "id": "0f4b8bf2-8d72-44ea-a379-fa394ae3a0be",
            "mtu": 0,
            "name": "network_BKK",
            "port_security_enabled": true,
            "qos_policy_id": "",
            "region": "NCP-TH",
            "segments": [],
            "shared": false,
            "tags": [],
            "tenant_id": "dda823844b244c11baa2a5a272c78ee9",
            "timeouts": null,
            "transparent_vlan": false,
            "value_specs": null
          },
          "sensitive_attributes": [],
          "identity_schema_version": 0,
          "private": "eyJlMmJmYjczMC1lY2FhLTExZTYtOGY4OC0zNDM2M2JjN2M0YzAiOnsiY3JlYXRlIjo2MDAwMDAwMDAwMDAsImRlbGV0ZSI6NjAwMDAwMDAwMDAwfX0="
        }
      ]
    },
    {
      "mode": "managed",
      "type": "openstack_networking_port_v2",
      "name": "port_master",
      "provider": "provider[\"registry.terraform.io/terraform-provider-openstack/openstack\"]",
      "instances": [
        {
          "schema_version": 0,
          "attributes": {
            "admin_state_up": true,
            "all_fixed_ips": [
              "10.10.1.3"
            ],
            "all_security_group_ids": [
              "2501a2af-84f5-4e81-913a-6f4c40ec22be"
            ],
            "all_tags": [],
            "allowed_address_pairs": [],
            "binding": [
              {
                "host_id": "",
                "profile": "",
                "vif_details": {},
                "vif_type": "",
                "vnic_type": "normal"
              }
            ],
            "description": "",
            "device_id": "bc7eb682-5ef8-4b19-9487-d7a73e5b7c3d",
            "device_owner": "compute:NCP-BKK",
            "dns_assignment": [],
            "dns_name": "",
            "extra_dhcp_option": [],
            "fixed_ip": [
              {
                "ip_address": "",
                "subnet_id": "23ead2a9-f516-4e55-a47a-df00b6e49406"
              }
            ],
            "id": "5b6fe3d1-e118-4500-9ac1-655d3a85ca1c",
            "mac_address": "02:5b:6f:e3:d1:e1",
            "name": "port-master-1-BKK",
            "network_id": "0f4b8bf2-8d72-44ea-a379-fa394ae3a0be",
            "no_fixed_ip": null,
            "no_security_groups": null,
            "port_security_enabled": true,
            "qos_policy_id": "",
            "region": "NCP-TH",
            "security_group_ids": [
              "2501a2af-84f5-4e81-913a-6f4c40ec22be"
            ],
            "tags": [],
            "tenant_id": "dda823844b244c11baa2a5a272c78ee9",
            "timeouts": null,
            "value_specs": null
          },
          "sensitive_attributes": [],
          "identity_schema_version": 0,
          "private": "eyJlMmJmYjczMC1lY2FhLTExZTYtOGY4OC0zNDM2M2JjN2M0YzAiOnsiY3JlYXRlIjo2MDAwMDAwMDAwMDAsImRlbGV0ZSI6NjAwMDAwMDAwMDAwfX0=",
          "dependencies": [
            "openstack_networking_network_v2.network",
            "openstack_networking_secgroup_v2.secgroup",
            "openstack_networking_subnet_v2.subnet"
          ]
        }
      ]
    },
    {
      "mode": "managed",
      "type": "openstack_networking_port_v2",
      "name": "port_worker",
      "provider": "provider[\"registry.terraform.io/terraform-provider-openstack/openstack\"]",
      "instances": [
        {
          "index_key": 0,
          "schema_version": 0,
          "attributes": {
            "admin_state_up": true,
            "all_fixed_ips": [
              "10.10.1.2"
            ],
            "all_security_group_ids": [
              "2501a2af-84f5-4e81-913a-6f4c40ec22be"
            ],
            "all_tags": [],
            "allowed_address_pairs": [],
            "binding": [
              {
                "host_id": "",
                "profile": "",
                "vif_details": {},
                "vif_type": "",
                "vnic_type": "normal"
              }
            ],
            "description": "",
            "device_id": "f944480a-2e62-4bfa-a823-3ca1c2651e5d",
            "device_owner": "compute:NCP-BKK",
            "dns_assignment": [],
            "dns_name": "",
            "extra_dhcp_option": [],
            "fixed_ip": [
              {
                "ip_address": "",
                "subnet_id": "23ead2a9-f516-4e55-a47a-df00b6e49406"
              }
            ],
            "id": "2b856b4e-c97c-4da4-9ae6-4975fd50de5b",
            "mac_address": "02:2b:85:6b:4e:c9",
            "name": "port-worker-1-BKK",
            "network_id": "0f4b8bf2-8d72-44ea-a379-fa394ae3a0be",
            "no_fixed_ip": null,
            "no_security_groups": null,
            "port_security_enabled": true,
            "qos_policy_id": "",
            "region": "NCP-TH",
            "security_group_ids": [
              "2501a2af-84f5-4e81-913a-6f4c40ec22be"
            ],
            "tags": [],
            "tenant_id": "dda823844b244c11baa2a5a272c78ee9",
            "timeouts": null,
            "value_specs": null
          },
          "sensitive_attributes": [],
          "identity_schema_version": 0,
          "private": "eyJlMmJmYjczMC1lY2FhLTExZTYtOGY4OC0zNDM2M2JjN2M0YzAiOnsiY3JlYXRlIjo2MDAwMDAwMDAwMDAsImRlbGV0ZSI6NjAwMDAwMDAwMDAwfX0=",
          "dependencies": [
            "openstack_networking_network_v2.network",
            "openstack_networking_secgroup_v2.secgroup",
            "openstack_networking_subnet_v2.subnet"
          ]
        },
        {
          "index_key": 1,
          "schema_version": 0,
          "attributes": {
            "admin_state_up": true,
            "all_fixed_ips": [
              "10.10.1.4"
            ],
            "all_security_group_ids": [
              "2501a2af-84f5-4e81-913a-6f4c40ec22be"
            ],
            "all_tags": [],
            "allowed_address_pairs": [],
            "binding": [
              {
                "host_id": "",
                "profile": "",
                "vif_details": {},
                "vif_type": "",
                "vnic_type": "normal"
              }
            ],
            "description": "",
            "device_id": "fcba1304-37c3-4f54-a4ff-aaeaecfddd4c",
            "device_owner": "compute:NCP-BKK",
            "dns_assignment": [],
            "dns_name": "",
            "extra_dhcp_option": [],
            "fixed_ip": [
              {
                "ip_address": "",
                "subnet_id": "23ead2a9-f516-4e55-a47a-df00b6e49406"
              }
            ],
            "id": "cfb68df3-6908-490e-8601-3a1a2b16f682",
            "mac_address": "02:cf:b6:8d:f3:69",
            "name": "port-worker-2-BKK",
            "network_id": "0f4b8bf2-8d72-44ea-a379-fa394ae3a0be",
            "no_fixed_ip": null,
            "no_security_groups": null,
            "port_security_enabled": true,
            "qos_policy_id": "",
            "region": "NCP-TH",
            "security_group_ids": [
              "2501a2af-84f5-4e81-913a-6f4c40ec22be"
            ],
            "tags": [],
            "tenant_id": "dda823844b244c11baa2a5a272c78ee9",
            "timeouts": null,
            "value_specs": null
          },
          "sensitive_attributes": [],
          "identity_schema_version": 0,
          "private": "eyJlMmJmYjczMC1lY2FhLTExZTYtOGY4OC0zNDM2M2JjN2M0YzAiOnsiY3JlYXRlIjo2MDAwMDAwMDAwMDAsImRlbGV0ZSI6NjAwMDAwMDAwMDAwfX0=",
          "dependencies": [
            "openstack_networking_network_v2.network",
            "openstack_networking_secgroup_v2.secgroup",
            "openstack_networking_subnet_v2.subnet"
          ]
        }
      ]
    },
    {
      "mode": "managed",
      "type": "openstack_networking_router_interface_v2",
      "name": "router_iface",
      "provider": "provider[\"registry.terraform.io/terraform-provider-openstack/openstack\"]",
      "instances": [
        {
          "schema_version": 0,
          "attributes": {
            "force_destroy": false,
            "id": "a2611e13-74d7-41af-a1ac-e477642d0aa8",
            "port_id": "a2611e13-74d7-41af-a1ac-e477642d0aa8",
            "region": "NCP-TH",
            "router_id": "a6ffc1a5-4084-49e4-a8f6-0a78440474ed",
            "subnet_id": "23ead2a9-f516-4e55-a47a-df00b6e49406",
            "timeouts": null
          },
          "sensitive_attributes": [],
          "identity_schema_version": 0,
          "private": "eyJlMmJmYjczMC1lY2FhLTExZTYtOGY4OC0zNDM2M2JjN2M0YzAiOnsiY3JlYXRlIjo2MDAwMDAwMDAwMDAsImRlbGV0ZSI6NjAwMDAwMDAwMDAwfX0=",
          "dependencies": [
            "data.openstack_networking_network_v2.external",
            "openstack_networking_network_v2.network",
            "openstack_networking_router_v2.router",
            "openstack_networking_subnet_v2.subnet"
          ]
        }
      ]
    },
    {
      "mode": "managed",
      "type": "openstack_networking_router_v2",
      "name": "router",
      "provider": "provider[\"registry.terraform.io/terraform-provider-openstack/openstack\"]",
      "instances": [
        {
          "schema_version": 0,
          "attributes": {
            "admin_state_up": true,
            "all_tags": [],
            "availability_zone_hints": [],
            "description": "",
            "distributed": false,
            "enable_snat": true,
            "external_fixed_ip": [],
            "external_network_id": "2aa7a98d-ae38-4844-82d6-9ab5c2460b69",
            "external_subnet_ids": null,
            "id": "a6ffc1a5-4084-49e4-a8f6-0a78440474ed",
            "name": "router_BKK",
            "region": "NCP-TH",
            "tags": [],
            "tenant_id": "dda823844b244c11baa2a5a272c78ee9",
            "timeouts": null,
            "value_specs": null,
            "vendor_options": []
          },
          "sensitive_attributes": [],
          "identity_schema_version": 0,
          "private": "eyJlMmJmYjczMC1lY2FhLTExZTYtOGY4OC0zNDM2M2JjN2M0YzAiOnsiY3JlYXRlIjo2MDAwMDAwMDAwMDAsImRlbGV0ZSI6NjAwMDAwMDAwMDAwfX0=",
          "dependencies": [
            "data.openstack_networking_network_v2.external"
          ]
        }
      ]
    },
    {
      "mode": "managed",
      "type": "openstack_networking_secgroup_rule_v2",
      "name": "secgroup_rule_icmp",
      "provider": "provider[\"registry.terraform.io/terraform-provider-openstack/openstack\"]",
      "instances": [
        {
          "schema_version": 0,
          "attributes": {
            "description": "",
            "direction": "ingress",
            "ethertype": "IPv4",
            "id": "1380d950-8c58-4a71-9303-b1969119d126",
            "port_range_max": 0,
            "port_range_min": 0,
            "protocol": "icmp",
            "region": "NCP-TH",
            "remote_group_id": "",
            "remote_ip_prefix": "0.0.0.0/0",
            "security_group_id": "2501a2af-84f5-4e81-913a-6f4c40ec22be",
            "tenant_id": "dda823844b244c11baa2a5a272c78ee9",
            "timeouts": null
          },
          "sensitive_attributes": [],
          "identity_schema_version": 0,
          "private": "eyJlMmJmYjczMC1lY2FhLTExZTYtOGY4OC0zNDM2M2JjN2M0YzAiOnsiZGVsZXRlIjo2MDAwMDAwMDAwMDB9fQ==",
          "dependencies": [
            "openstack_networking_secgroup_v2.secgroup"
          ]
        }
      ]
    },
    {
      "mode": "managed",
      "type": "openstack_networking_secgroup_rule_v2",
      "name": "secgroup_rule_k8s",
      "provider": "provider[\"registry.terraform.io/terraform-provider-openstack/openstack\"]",
      "instances": [
        {
          "schema_version": 0,
          "attributes": {
            "description": "",
            "direction": "ingress",
            "ethertype": "IPv4",
            "id": "b8d4964a-4eac-4c64-ac29-1aeb4cc1c1b4",
            "port_range_max": 6443,
            "port_range_min": 6443,
            "protocol": "tcp",
            "region": "NCP-TH",
            "remote_group_id": "",
            "remote_ip_prefix": "0.0.0.0/0",
            "security_group_id": "2501a2af-84f5-4e81-913a-6f4c40ec22be",
            "tenant_id": "dda823844b244c11baa2a5a272c78ee9",
            "timeouts": null
          },
          "sensitive_attributes": [],
          "identity_schema_version": 0,
          "private": "eyJlMmJmYjczMC1lY2FhLTExZTYtOGY4OC0zNDM2M2JjN2M0YzAiOnsiZGVsZXRlIjo2MDAwMDAwMDAwMDB9fQ==",
          "dependencies": [
            "openstack_networking_secgroup_v2.secgroup"
          ]
        }
      ]
    },
    {
      "mode": "managed",
      "type": "openstack_networking_secgroup_rule_v2",
      "name": "secgroup_rule_nodeport",
      "provider": "provider[\"registry.terraform.io/terraform-provider-openstack/openstack\"]",
      "instances": [
        {
          "schema_version": 0,
          "attributes": {
            "description": "",
            "direction": "ingress",
            "ethertype": "IPv4",
            "id": "353663fc-11b0-475b-8863-f639051316f9",
            "port_range_max": 32767,
            "port_range_min": 30000,
            "protocol": "tcp",
            "region": "NCP-TH",
            "remote_group_id": "",
            "remote_ip_prefix": "0.0.0.0/0",
            "security_group_id": "2501a2af-84f5-4e81-913a-6f4c40ec22be",
            "tenant_id": "dda823844b244c11baa2a5a272c78ee9",
            "timeouts": null
          },
          "sensitive_attributes": [],
          "identity_schema_version": 0,
          "private": "eyJlMmJmYjczMC1lY2FhLTExZTYtOGY4OC0zNDM2M2JjN2M0YzAiOnsiZGVsZXRlIjo2MDAwMDAwMDAwMDB9fQ==",
          "dependencies": [
            "openstack_networking_secgroup_v2.secgroup"
          ]
        }
      ]
    },
    {
      "mode": "managed",
      "type": "openstack_networking_secgroup_rule_v2",
      "name": "secgroup_rule_ssh",
      "provider": "provider[\"registry.terraform.io/terraform-provider-openstack/openstack\"]",
      "instances": [
        {
          "schema_version": 0,
          "attributes": {
            "description": "",
            "direction": "ingress",
            "ethertype": "IPv4",
            "id": "e2f7bee1-7a52-4145-9bde-75830dd33151",
            "port_range_max": 22,
            "port_range_min": 22,
            "protocol": "tcp",
            "region": "NCP-TH",
            "remote_group_id": "",
            "remote_ip_prefix": "0.0.0.0/0",
            "security_group_id": "2501a2af-84f5-4e81-913a-6f4c40ec22be",
            "tenant_id": "dda823844b244c11baa2a5a272c78ee9",
            "timeouts": null
          },
          "sensitive_attributes": [],
          "identity_schema_version": 0,
          "private": "eyJlMmJmYjczMC1lY2FhLTExZTYtOGY4OC0zNDM2M2JjN2M0YzAiOnsiZGVsZXRlIjo2MDAwMDAwMDAwMDB9fQ==",
          "dependencies": [
            "openstack_networking_secgroup_v2.secgroup"
          ]
        }
      ]
    },
    {
      "mode": "managed",
      "type": "openstack_networking_secgroup_v2",
      "name": "secgroup",
      "provider": "provider[\"registry.terraform.io/terraform-provider-openstack/openstack\"]",
      "instances": [
        {
          "schema_version": 0,
          "attributes": {
            "all_tags": [],
            "delete_default_rules": null,
            "description": "Security group for master and worker VMs",
            "id": "2501a2af-84f5-4e81-913a-6f4c40ec22be",
            "name": "secgroup_BKK",
            "region": "NCP-TH",
            "tags": [],
            "tenant_id": "dda823844b244c11baa2a5a272c78ee9",
            "timeouts": null
          },
          "sensitive_attributes": [],
          "identity_schema_version": 0,
          "private": "eyJlMmJmYjczMC1lY2FhLTExZTYtOGY4OC0zNDM2M2JjN2M0YzAiOnsiZGVsZXRlIjo2MDAwMDAwMDAwMDB9fQ=="
        }
      ]
    },
    {
      "mode": "managed",
      "type": "openstack_networking_subnet_v2",
      "name": "subnet",
      "provider": "provider[\"registry.terraform.io/terraform-provider-openstack/openstack\"]",
      "instances": [
        {
          "schema_version": 0,
          "attributes": {
            "all_tags": [],
            "allocation_pool": [
              {
                "end": "10.10.1.254",
                "start": "10.10.1.2"
              }
            ],
            "cidr": "10.10.1.0/24",
            "description": "",
            "dns_nameservers": [
              "8.8.8.8",
              "8.8.4.4"
            ],
            "enable_dhcp": true,
            "gateway_ip": "10.10.1.1",
            "id": "23ead2a9-f516-4e55-a47a-df00b6e49406",
            "ip_version": 4,
            "ipv6_address_mode": "",
            "ipv6_ra_mode": "",
            "name": "subnet_BKK",
            "network_id": "0f4b8bf2-8d72-44ea-a379-fa394ae3a0be",
            "no_gateway": false,
            "prefix_length": null,
            "region": "NCP-TH",
            "service_types": [],
            "subnetpool_id": "",
            "tags": [],
            "tenant_id": "dda823844b244c11baa2a5a272c78ee9",
            "timeouts": null,
            "value_specs": null
          },
          "sensitive_attributes": [],
          "identity_schema_version": 0,
          "private": "eyJlMmJmYjczMC1lY2FhLTExZTYtOGY4OC0zNDM2M2JjN2M0YzAiOnsiY3JlYXRlIjo2MDAwMDAwMDAwMDAsImRlbGV0ZSI6NjAwMDAwMDAwMDAwfX0=",
          "dependencies": [
            "openstack_networking_network_v2.network"
          ]
        }
      ]
    }
  ],
  "check_results": null
}
